
Microsoft Visual Studio Solution File, Format Version 12.00
# Visual Studio Version 16
VisualStudioVersion = 16.0.29201.188
MinimumVisualStudioVersion = 10.0.40219.1
Project("{FAE04EC0-301F-11D3-BF4B-00C04F79EFBC}") = "ForumStudy", "ForumStudy\ForumStudy.csproj", "{58BB60BE-CD62-4523-84E4-A9FAF3A04554}"
EndProject
Global
	GlobalSection(SolutionConfigurationPlatforms) = preSolution
		Debug|Any CPU = Debug|Any CPU
		Release|Any CPU = Release|Any CPU
	EndGlobalSection
	GlobalSection(ProjectConfigurationPlatforms) = postSolution
		{58BB60BE-CD62-4523-84E4-A9FAF3A04554}.Debug|Any CPU.ActiveCfg = Debug|Any CPU
		{58BB60BE-CD62-4523-84E4-A9FAF3A04554}.Debug|Any CPU.Build.0 = Debug|Any CPU
		{58BB60BE-CD62-4523-84E4-A9FAF3A04554}.Release|Any CPU.ActiveCfg = Release|Any CPU
		{58BB60BE-CD62-4523-84E4-A9FAF3A04554}.Release|Any CPU.Build.0 = Release|Any CPU
	EndGlobalSection
	GlobalSection(SolutionProperties) = preSolution
		HideSolutionNode = FALSE
	EndGlobalSection
	GlobalSection(ExtensibilityGlobals) = postSolution
		SolutionGuid = {3A258B03-FC27-43B0-91E9-75360A7A0188}
	EndGlobalSection
EndGlobal
